
Microsoft Visual Studio Solution File, Format Version 12.00
# Visual Studio Version 16
VisualStudioVersion = 16.0.31025.194
MinimumVisualStudioVersion = 10.0.40219.1
Project("{9A19103F-16F7-4668-BE54-9A1E7A4F7556}") = "Enemyster", "WinFormsApp2\Enemyster.csproj", "{B56657BE-95DA-42AA-BB30-14815E0B595D}"
EndProject
Project("{2150E333-8FDC-42A3-9474-1A3956D46DE8}") = "Solution Items", "Solution Items", "{D4559BFC-4EC4-497A-AA66-2018F18AE3AD}"
	ProjectSection(SolutionItems) = preProject
		WinFormsApp2\graph.cs = WinFormsApp2\graph.cs
	EndProjectSection
EndProject
Global
	GlobalSection(SolutionConfigurationPlatforms) = preSolution
		Debug|Any CPU = Debug|Any CPU
		Release|Any CPU = Release|Any CPU
	EndGlobalSection
	GlobalSection(ProjectConfigurationPlatforms) = postSolution
		{B56657BE-95DA-42AA-BB30-14815E0B595D}.Debug|Any CPU.ActiveCfg = Debug|Any CPU
		{B56657BE-95DA-42AA-BB30-14815E0B595D}.Debug|Any CPU.Build.0 = Debug|Any CPU
		{B56657BE-95DA-42AA-BB30-14815E0B595D}.Release|Any CPU.ActiveCfg = Release|Any CPU
		{B56657BE-95DA-42AA-BB30-14815E0B595D}.Release|Any CPU.Build.0 = Release|Any CPU
	EndGlobalSection
	GlobalSection(SolutionProperties) = preSolution
		HideSolutionNode = FALSE
	EndGlobalSection
	GlobalSection(ExtensibilityGlobals) = postSolution
		SolutionGuid = {1A67270B-9DFC-4FF1-99E1-0A1ACD6C84C0}
	EndGlobalSection
EndGlobal
